
Microsoft Visual Studio Solution File, Format Version 12.00
# Visual Studio 14
VisualStudioVersion = 14.0.25420.1
MinimumVisualStudioVersion = 10.0.40219.1
Project("{FAE04EC0-301F-11D3-BF4B-00C04F79EFBC}") = "YoutubeExplodeDemoWpf", "YoutubeExplodeDemoWpf\YoutubeExplodeDemoWpf.csproj", "{0B29C8A6-714C-41F0-8C66-C548A1D04A78}"
EndProject
Project("{2150E333-8FDC-42A3-9474-1A3956D46DE8}") = "Solution Items", "Solution Items", "{2D3632A9-3DE4-4E64-AC3E-94810F2F55D0}"
	ProjectSection(SolutionItems) = preProject
		License.txt = License.txt
		Package.nuspec = Package.nuspec
		ReadMe.md = ReadMe.md
	EndProjectSection
EndProject
Project("{FAE04EC0-301F-11D3-BF4B-00C04F79EFBC}") = "YoutubeExplodeDemoConsole", "YoutubeExplodeDemoConsole\YoutubeExplodeDemoConsole.csproj", "{6983B0A4-44B0-4FAF-81C7-94CC784570F0}"
EndProject
Project("{FAE04EC0-301F-11D3-BF4B-00C04F79EFBC}") = "YoutubeExplodeTests", "YoutubeExplodeTests\YoutubeExplodeTests.csproj", "{5E5CDC04-EA05-46CC-8D72-970F0F0E2CD1}"
EndProject
Project("{FAE04EC0-301F-11D3-BF4B-00C04F79EFBC}") = "YoutubeExplode", "YoutubeExplode\YoutubeExplode.csproj", "{2019E360-0E05-4824-9EDE-7723AF45E10C}"
EndProject
Global
	GlobalSection(SolutionConfigurationPlatforms) = preSolution
		Debug|Any CPU = Debug|Any CPU
		Release|Any CPU = Release|Any CPU
	EndGlobalSection
	GlobalSection(ProjectConfigurationPlatforms) = postSolution
		{0B29C8A6-714C-41F0-8C66-C548A1D04A78}.Debug|Any CPU.ActiveCfg = Debug|Any CPU
		{0B29C8A6-714C-41F0-8C66-C548A1D04A78}.Debug|Any CPU.Build.0 = Debug|Any CPU
		{0B29C8A6-714C-41F0-8C66-C548A1D04A78}.Release|Any CPU.ActiveCfg = Release|Any CPU
		{0B29C8A6-714C-41F0-8C66-C548A1D04A78}.Release|Any CPU.Build.0 = Release|Any CPU
		{6983B0A4-44B0-4FAF-81C7-94CC784570F0}.Debug|Any CPU.ActiveCfg = Debug|Any CPU
		{6983B0A4-44B0-4FAF-81C7-94CC784570F0}.Debug|Any CPU.Build.0 = Debug|Any CPU
		{6983B0A4-44B0-4FAF-81C7-94CC784570F0}.Release|Any CPU.ActiveCfg = Release|Any CPU
		{6983B0A4-44B0-4FAF-81C7-94CC784570F0}.Release|Any CPU.Build.0 = Release|Any CPU
		{5E5CDC04-EA05-46CC-8D72-970F0F0E2CD1}.Debug|Any CPU.ActiveCfg = Debug|Any CPU
		{5E5CDC04-EA05-46CC-8D72-970F0F0E2CD1}.Debug|Any CPU.Build.0 = Debug|Any CPU
		{5E5CDC04-EA05-46CC-8D72-970F0F0E2CD1}.Release|Any CPU.ActiveCfg = Release|Any CPU
		{5E5CDC04-EA05-46CC-8D72-970F0F0E2CD1}.Release|Any CPU.Build.0 = Release|Any CPU
		{2019E360-0E05-4824-9EDE-7723AF45E10C}.Debug|Any CPU.ActiveCfg = Debug|Any CPU
		{2019E360-0E05-4824-9EDE-7723AF45E10C}.Debug|Any CPU.Build.0 = Debug|Any CPU
		{2019E360-0E05-4824-9EDE-7723AF45E10C}.Release|Any CPU.ActiveCfg = Release|Any CPU
		{2019E360-0E05-4824-9EDE-7723AF45E10C}.Release|Any CPU.Build.0 = Release|Any CPU
	EndGlobalSection
	GlobalSection(SolutionProperties) = preSolution
		HideSolutionNode = FALSE
	EndGlobalSection
EndGlobal
