Microsoft Visual Studio Solution File, Format Version 12.00
# Visual Studio 15
VisualStudioVersion = 15.0.27130.2024
MinimumVisualStudioVersion = 10.0.40219.1
Project("{2150E333-8FDC-42A3-9474-1A3956D46DE8}") = "Solution Items", "Solution Items", "{2D3632A9-3DE4-4E64-AC3E-94810F2F55D0}"
	ProjectSection(SolutionItems) = preProject
		Changelog.md = Changelog.md
		License.txt = License.txt
		ReadMe.md = ReadMe.md
	EndProjectSection
EndProject
Project("{9A19103F-16F7-4668-BE54-9A1E7A4F7556}") = "DemoConsole", "DemoConsole\DemoConsole.csproj", "{6983B0A4-44B0-4FAF-81C7-94CC784570F0}"
EndProject
Project("{9A19103F-16F7-4668-BE54-9A1E7A4F7556}") = "YoutubeExplode.Tests", "YoutubeExplode.Tests\YoutubeExplode.Tests.csproj", "{5E5CDC04-EA05-46CC-8D72-970F0F0E2CD1}"
EndProject
Project("{9A19103F-16F7-4668-BE54-9A1E7A4F7556}") = "YoutubeExplode", "YoutubeExplode\YoutubeExplode.csproj", "{2019E360-0E05-4824-9EDE-7723AF45E10C}"
EndProject
Project("{FAE04EC0-301F-11D3-BF4B-00C04F79EFBC}") = "DemoWpf", "DemoWpf\DemoWpf.csproj", "{21F838B4-11B6-4C54-957A-9B7EFDE8F19E}"
EndProject
Global
	GlobalSection(SolutionConfigurationPlatforms) = preSolution
		Debug|Any CPU = Debug|Any CPU
		Release|Any CPU = Release|Any CPU
	EndGlobalSection
	GlobalSection(ProjectConfigurationPlatforms) = postSolution
		{6983B0A4-44B0-4FAF-81C7-94CC784570F0}.Debug|Any CPU.ActiveCfg = Debug|Any CPU
		{6983B0A4-44B0-4FAF-81C7-94CC784570F0}.Debug|Any CPU.Build.0 = Debug|Any CPU
		{6983B0A4-44B0-4FAF-81C7-94CC784570F0}.Release|Any CPU.ActiveCfg = Release|Any CPU
		{6983B0A4-44B0-4FAF-81C7-94CC784570F0}.Release|Any CPU.Build.0 = Release|Any CPU
		{5E5CDC04-EA05-46CC-8D72-970F0F0E2CD1}.Debug|Any CPU.ActiveCfg = Debug|Any CPU
		{5E5CDC04-EA05-46CC-8D72-970F0F0E2CD1}.Debug|Any CPU.Build.0 = Debug|Any CPU
		{5E5CDC04-EA05-46CC-8D72-970F0F0E2CD1}.Release|Any CPU.ActiveCfg = Release|Any CPU
		{5E5CDC04-EA05-46CC-8D72-970F0F0E2CD1}.Release|Any CPU.Build.0 = Release|Any CPU
		{2019E360-0E05-4824-9EDE-7723AF45E10C}.Debug|Any CPU.ActiveCfg = Debug|Any CPU
		{2019E360-0E05-4824-9EDE-7723AF45E10C}.Debug|Any CPU.Build.0 = Debug|Any CPU
		{2019E360-0E05-4824-9EDE-7723AF45E10C}.Release|Any CPU.ActiveCfg = Release|Any CPU
		{2019E360-0E05-4824-9EDE-7723AF45E10C}.Release|Any CPU.Build.0 = Release|Any CPU
		{21F838B4-11B6-4C54-957A-9B7EFDE8F19E}.Debug|Any CPU.ActiveCfg = Debug|Any CPU
		{21F838B4-11B6-4C54-957A-9B7EFDE8F19E}.Debug|Any CPU.Build.0 = Debug|Any CPU
		{21F838B4-11B6-4C54-957A-9B7EFDE8F19E}.Release|Any CPU.ActiveCfg = Release|Any CPU
		{21F838B4-11B6-4C54-957A-9B7EFDE8F19E}.Release|Any CPU.Build.0 = Release|Any CPU
	EndGlobalSection
	GlobalSection(SolutionProperties) = preSolution
		HideSolutionNode = FALSE
	EndGlobalSection
	GlobalSection(ExtensibilityGlobals) = postSolution
		SolutionGuid = {DEA5BDC6-C56D-4AC1-A8C6-2C64A5A75FDD}
	EndGlobalSection
EndGlobal
